
Microsoft Visual Studio Solution File, Format Version 12.00
Project("{FAE04EC0-301F-11D3-BF4B-00C04F79EFBC}") = "Part1_FirstProgram", "Part1_FirstProgram\Part1_FirstProgram.csproj", "{204E42F1-D81A-4E84-AC47-A9566FD15EEC}"
EndProject
Project("{FAE04EC0-301F-11D3-BF4B-00C04F79EFBC}") = "Part2_DataTypes", "Part2_DataTypes\Part2_DataTypes.csproj", "{9E405148-3BCA-4C61-B41D-5A64F178DC01}"
EndProject
Project("{FAE04EC0-301F-11D3-BF4B-00C04F79EFBC}") = "Part3_Array", "Part3_Array\Part3_Array.csproj", "{75AC5806-BA49-493B-A33B-8340FB07502C}"
EndProject
Project("{FAE04EC0-301F-11D3-BF4B-00C04F79EFBC}") = "Part4_Conditional_Loop", "Part4_Conditional_Loop\Part4_Conditional_Loop.csproj", "{F3BFFD0B-C302-426A-9701-4DCEC6D634A7}"
EndProject
Project("{FAE04EC0-301F-11D3-BF4B-00C04F79EFBC}") = "Part5_Method", "Part5_Method\Part5_Method.csproj", "{4FC32541-CBE7-4F15-9426-09D7C41B9E62}"
EndProject
Project("{FAE04EC0-301F-11D3-BF4B-00C04F79EFBC}") = "Part6_Exception", "Part6_Exception\Part6_Exception.csproj", "{111AA7C7-9D18-434B-B5A2-87498FF8E94E}"
EndProject
Project("{FAE04EC0-301F-11D3-BF4B-00C04F79EFBC}") = "Part7_StreamFile_ncopy", "Part7_StreamFile_ncopy\Part7_StreamFile_ncopy.csproj", "{C817A7C0-C7B8-4B1F-96A8-6D94769CE4FF}"
EndProject
Project("{FAE04EC0-301F-11D3-BF4B-00C04F79EFBC}") = "Part8_Collection", "Part8_Collection\Part8_Collection.csproj", "{6AF2136A-818E-4F00-81BD-9106FDF1C377}"
EndProject
Project("{FAE04EC0-301F-11D3-BF4B-00C04F79EFBC}") = "Part9_LambdaExpression", "Part9_LambdaExpression\Part9_LambdaExpression.csproj", "{43ABBFF9-BE2E-4AAA-AF6B-C3A56E297D94}"
EndProject
Project("{FAE04EC0-301F-11D3-BF4B-00C04F79EFBC}") = "Part10_LINQ", "Part10_LINQ\Part10_LINQ.csproj", "{B0681B39-0786-43B2-963D-344E6471CCD4}"
EndProject
Project("{FAE04EC0-301F-11D3-BF4B-00C04F79EFBC}") = "Part10_LINQ2", "Part10_LINQ2\Part10_LINQ2.csproj", "{F499599D-1B84-40EB-BDF5-55C13F16623E}"
EndProject
Project("{FAE04EC0-301F-11D3-BF4B-00C04F79EFBC}") = "Part11_OOP", "Part11_OOP\Part11_OOP.csproj", "{5263B139-EEEF-4712-9D4D-17AEEC0847E0}"
EndProject
Project("{FAE04EC0-301F-11D3-BF4B-00C04F79EFBC}") = "Part11_ClassLibrary1", "Part11_ClassLibrary1\Part11_ClassLibrary1.csproj", "{3F3CB370-EADF-4DF3-8DCA-ED2420C0B906}"
EndProject
Project("{FAE04EC0-301F-11D3-BF4B-00C04F79EFBC}") = "Part12_Polymorphism", "Part12_Polymorphism\Part12_Polymorphism.csproj", "{9CFE3FC9-C663-42C0-BDE4-A6D6F31377C8}"
EndProject
Project("{FAE04EC0-301F-11D3-BF4B-00C04F79EFBC}") = "Part13_Static", "Part13_Static\Part13_Static.csproj", "{31DF1BA7-8463-4201-9A36-FF3B1ED1E424}"
EndProject
Project("{FAE04EC0-301F-11D3-BF4B-00C04F79EFBC}") = "Part14_Interface", "Part14_Interface\Part14_Interface.csproj", "{C888EA22-FC6D-4125-A0AD-4D143D270578}"
EndProject
Project("{FAE04EC0-301F-11D3-BF4B-00C04F79EFBC}") = "Part14_InterfaceInUse", "Part14_InterfaceInUse\Part14_InterfaceInUse.csproj", "{4395A8AA-DBF1-4F29-B962-5E5E785E7321}"
EndProject
Project("{FAE04EC0-301F-11D3-BF4B-00C04F79EFBC}") = "Part17_ADOdotNET", "Part17_ADOdotNET\Part17_ADOdotNET.csproj", "{51544B4F-6D04-45B5-B4FD-3A7CF989FE4C}"
EndProject
Project("{FAE04EC0-301F-11D3-BF4B-00C04F79EFBC}") = "Part17_ADOdotNET.Tests", "Part17_ADOdotNET.Tests\Part17_ADOdotNET.Tests.csproj", "{AE50ACF5-C85A-4182-A220-0C108624C0A9}"
EndProject
Project("{FAE04EC0-301F-11D3-BF4B-00C04F79EFBC}") = "Part18_CRUD_ADOdotNET", "Part18_CRUD_ADOdotNET\Part18_CRUD_ADOdotNET.csproj", "{B93B2F1C-FDF7-4E78-ABBB-BD0CD1DC3407}"
EndProject
Project("{FAE04EC0-301F-11D3-BF4B-00C04F79EFBC}") = "Part14_InterfaceSegregation", "Part14_InterfaceSegregation\Part14_InterfaceSegregation.csproj", "{6DB02C62-F5E7-4A96-9E46-8CC43D98AA07}"
EndProject
Project("{FAE04EC0-301F-11D3-BF4B-00C04F79EFBC}") = "Part20_RepositoryDesignPattern", "Part20_RepositoryDesignPattern\Part20_RepositoryDesignPattern.csproj", "{A162E953-E0A9-4065-8E19-07B6650141AF}"
EndProject
Project("{FAE04EC0-301F-11D3-BF4B-00C04F79EFBC}") = "Part24_Logging", "Part24_Logging\Part24_Logging.csproj", "{154E6A58-6466-42E2-BC3E-C36914C2210E}"
EndProject
Global
	GlobalSection(SolutionConfigurationPlatforms) = preSolution
		Debug|Any CPU = Debug|Any CPU
		Release|Any CPU = Release|Any CPU
	EndGlobalSection
	GlobalSection(ProjectConfigurationPlatforms) = postSolution
		{204E42F1-D81A-4E84-AC47-A9566FD15EEC}.Debug|Any CPU.ActiveCfg = Debug|Any CPU
		{204E42F1-D81A-4E84-AC47-A9566FD15EEC}.Debug|Any CPU.Build.0 = Debug|Any CPU
		{204E42F1-D81A-4E84-AC47-A9566FD15EEC}.Release|Any CPU.ActiveCfg = Release|Any CPU
		{204E42F1-D81A-4E84-AC47-A9566FD15EEC}.Release|Any CPU.Build.0 = Release|Any CPU
		{9E405148-3BCA-4C61-B41D-5A64F178DC01}.Debug|Any CPU.ActiveCfg = Debug|Any CPU
		{9E405148-3BCA-4C61-B41D-5A64F178DC01}.Debug|Any CPU.Build.0 = Debug|Any CPU
		{9E405148-3BCA-4C61-B41D-5A64F178DC01}.Release|Any CPU.ActiveCfg = Release|Any CPU
		{9E405148-3BCA-4C61-B41D-5A64F178DC01}.Release|Any CPU.Build.0 = Release|Any CPU
		{75AC5806-BA49-493B-A33B-8340FB07502C}.Debug|Any CPU.ActiveCfg = Debug|Any CPU
		{75AC5806-BA49-493B-A33B-8340FB07502C}.Debug|Any CPU.Build.0 = Debug|Any CPU
		{75AC5806-BA49-493B-A33B-8340FB07502C}.Release|Any CPU.ActiveCfg = Release|Any CPU
		{75AC5806-BA49-493B-A33B-8340FB07502C}.Release|Any CPU.Build.0 = Release|Any CPU
		{F3BFFD0B-C302-426A-9701-4DCEC6D634A7}.Debug|Any CPU.ActiveCfg = Debug|Any CPU
		{F3BFFD0B-C302-426A-9701-4DCEC6D634A7}.Debug|Any CPU.Build.0 = Debug|Any CPU
		{F3BFFD0B-C302-426A-9701-4DCEC6D634A7}.Release|Any CPU.ActiveCfg = Release|Any CPU
		{F3BFFD0B-C302-426A-9701-4DCEC6D634A7}.Release|Any CPU.Build.0 = Release|Any CPU
		{4FC32541-CBE7-4F15-9426-09D7C41B9E62}.Debug|Any CPU.ActiveCfg = Debug|Any CPU
		{4FC32541-CBE7-4F15-9426-09D7C41B9E62}.Debug|Any CPU.Build.0 = Debug|Any CPU
		{4FC32541-CBE7-4F15-9426-09D7C41B9E62}.Release|Any CPU.ActiveCfg = Release|Any CPU
		{4FC32541-CBE7-4F15-9426-09D7C41B9E62}.Release|Any CPU.Build.0 = Release|Any CPU
		{111AA7C7-9D18-434B-B5A2-87498FF8E94E}.Debug|Any CPU.ActiveCfg = Debug|Any CPU
		{111AA7C7-9D18-434B-B5A2-87498FF8E94E}.Debug|Any CPU.Build.0 = Debug|Any CPU
		{111AA7C7-9D18-434B-B5A2-87498FF8E94E}.Release|Any CPU.ActiveCfg = Release|Any CPU
		{111AA7C7-9D18-434B-B5A2-87498FF8E94E}.Release|Any CPU.Build.0 = Release|Any CPU
		{C817A7C0-C7B8-4B1F-96A8-6D94769CE4FF}.Debug|Any CPU.ActiveCfg = Debug|Any CPU
		{C817A7C0-C7B8-4B1F-96A8-6D94769CE4FF}.Debug|Any CPU.Build.0 = Debug|Any CPU
		{C817A7C0-C7B8-4B1F-96A8-6D94769CE4FF}.Release|Any CPU.ActiveCfg = Release|Any CPU
		{C817A7C0-C7B8-4B1F-96A8-6D94769CE4FF}.Release|Any CPU.Build.0 = Release|Any CPU
		{6AF2136A-818E-4F00-81BD-9106FDF1C377}.Debug|Any CPU.ActiveCfg = Debug|Any CPU
		{6AF2136A-818E-4F00-81BD-9106FDF1C377}.Debug|Any CPU.Build.0 = Debug|Any CPU
		{6AF2136A-818E-4F00-81BD-9106FDF1C377}.Release|Any CPU.ActiveCfg = Release|Any CPU
		{6AF2136A-818E-4F00-81BD-9106FDF1C377}.Release|Any CPU.Build.0 = Release|Any CPU
		{43ABBFF9-BE2E-4AAA-AF6B-C3A56E297D94}.Debug|Any CPU.ActiveCfg = Debug|Any CPU
		{43ABBFF9-BE2E-4AAA-AF6B-C3A56E297D94}.Debug|Any CPU.Build.0 = Debug|Any CPU
		{43ABBFF9-BE2E-4AAA-AF6B-C3A56E297D94}.Release|Any CPU.ActiveCfg = Release|Any CPU
		{43ABBFF9-BE2E-4AAA-AF6B-C3A56E297D94}.Release|Any CPU.Build.0 = Release|Any CPU
		{B0681B39-0786-43B2-963D-344E6471CCD4}.Debug|Any CPU.ActiveCfg = Debug|Any CPU
		{B0681B39-0786-43B2-963D-344E6471CCD4}.Debug|Any CPU.Build.0 = Debug|Any CPU
		{B0681B39-0786-43B2-963D-344E6471CCD4}.Release|Any CPU.ActiveCfg = Release|Any CPU
		{B0681B39-0786-43B2-963D-344E6471CCD4}.Release|Any CPU.Build.0 = Release|Any CPU
		{F499599D-1B84-40EB-BDF5-55C13F16623E}.Debug|Any CPU.ActiveCfg = Debug|Any CPU
		{F499599D-1B84-40EB-BDF5-55C13F16623E}.Debug|Any CPU.Build.0 = Debug|Any CPU
		{F499599D-1B84-40EB-BDF5-55C13F16623E}.Release|Any CPU.ActiveCfg = Release|Any CPU
		{F499599D-1B84-40EB-BDF5-55C13F16623E}.Release|Any CPU.Build.0 = Release|Any CPU
		{5263B139-EEEF-4712-9D4D-17AEEC0847E0}.Debug|Any CPU.ActiveCfg = Debug|Any CPU
		{5263B139-EEEF-4712-9D4D-17AEEC0847E0}.Debug|Any CPU.Build.0 = Debug|Any CPU
		{5263B139-EEEF-4712-9D4D-17AEEC0847E0}.Release|Any CPU.ActiveCfg = Release|Any CPU
		{5263B139-EEEF-4712-9D4D-17AEEC0847E0}.Release|Any CPU.Build.0 = Release|Any CPU
		{3F3CB370-EADF-4DF3-8DCA-ED2420C0B906}.Debug|Any CPU.ActiveCfg = Debug|Any CPU
		{3F3CB370-EADF-4DF3-8DCA-ED2420C0B906}.Debug|Any CPU.Build.0 = Debug|Any CPU
		{3F3CB370-EADF-4DF3-8DCA-ED2420C0B906}.Release|Any CPU.ActiveCfg = Release|Any CPU
		{3F3CB370-EADF-4DF3-8DCA-ED2420C0B906}.Release|Any CPU.Build.0 = Release|Any CPU
		{9CFE3FC9-C663-42C0-BDE4-A6D6F31377C8}.Debug|Any CPU.ActiveCfg = Debug|Any CPU
		{9CFE3FC9-C663-42C0-BDE4-A6D6F31377C8}.Debug|Any CPU.Build.0 = Debug|Any CPU
		{9CFE3FC9-C663-42C0-BDE4-A6D6F31377C8}.Release|Any CPU.ActiveCfg = Release|Any CPU
		{9CFE3FC9-C663-42C0-BDE4-A6D6F31377C8}.Release|Any CPU.Build.0 = Release|Any CPU
		{31DF1BA7-8463-4201-9A36-FF3B1ED1E424}.Debug|Any CPU.ActiveCfg = Debug|Any CPU
		{31DF1BA7-8463-4201-9A36-FF3B1ED1E424}.Debug|Any CPU.Build.0 = Debug|Any CPU
		{31DF1BA7-8463-4201-9A36-FF3B1ED1E424}.Release|Any CPU.ActiveCfg = Release|Any CPU
		{31DF1BA7-8463-4201-9A36-FF3B1ED1E424}.Release|Any CPU.Build.0 = Release|Any CPU
		{C888EA22-FC6D-4125-A0AD-4D143D270578}.Debug|Any CPU.ActiveCfg = Debug|Any CPU
		{C888EA22-FC6D-4125-A0AD-4D143D270578}.Debug|Any CPU.Build.0 = Debug|Any CPU
		{C888EA22-FC6D-4125-A0AD-4D143D270578}.Release|Any CPU.ActiveCfg = Release|Any CPU
		{C888EA22-FC6D-4125-A0AD-4D143D270578}.Release|Any CPU.Build.0 = Release|Any CPU
		{4395A8AA-DBF1-4F29-B962-5E5E785E7321}.Debug|Any CPU.ActiveCfg = Debug|Any CPU
		{4395A8AA-DBF1-4F29-B962-5E5E785E7321}.Debug|Any CPU.Build.0 = Debug|Any CPU
		{4395A8AA-DBF1-4F29-B962-5E5E785E7321}.Release|Any CPU.ActiveCfg = Release|Any CPU
		{4395A8AA-DBF1-4F29-B962-5E5E785E7321}.Release|Any CPU.Build.0 = Release|Any CPU
		{51544B4F-6D04-45B5-B4FD-3A7CF989FE4C}.Debug|Any CPU.ActiveCfg = Debug|Any CPU
		{51544B4F-6D04-45B5-B4FD-3A7CF989FE4C}.Debug|Any CPU.Build.0 = Debug|Any CPU
		{51544B4F-6D04-45B5-B4FD-3A7CF989FE4C}.Release|Any CPU.ActiveCfg = Release|Any CPU
		{51544B4F-6D04-45B5-B4FD-3A7CF989FE4C}.Release|Any CPU.Build.0 = Release|Any CPU
		{AE50ACF5-C85A-4182-A220-0C108624C0A9}.Debug|Any CPU.ActiveCfg = Debug|Any CPU
		{AE50ACF5-C85A-4182-A220-0C108624C0A9}.Debug|Any CPU.Build.0 = Debug|Any CPU
		{AE50ACF5-C85A-4182-A220-0C108624C0A9}.Release|Any CPU.ActiveCfg = Release|Any CPU
		{AE50ACF5-C85A-4182-A220-0C108624C0A9}.Release|Any CPU.Build.0 = Release|Any CPU
		{B93B2F1C-FDF7-4E78-ABBB-BD0CD1DC3407}.Debug|Any CPU.ActiveCfg = Debug|Any CPU
		{B93B2F1C-FDF7-4E78-ABBB-BD0CD1DC3407}.Debug|Any CPU.Build.0 = Debug|Any CPU
		{B93B2F1C-FDF7-4E78-ABBB-BD0CD1DC3407}.Release|Any CPU.ActiveCfg = Release|Any CPU
		{B93B2F1C-FDF7-4E78-ABBB-BD0CD1DC3407}.Release|Any CPU.Build.0 = Release|Any CPU
		{6DB02C62-F5E7-4A96-9E46-8CC43D98AA07}.Debug|Any CPU.ActiveCfg = Debug|Any CPU
		{6DB02C62-F5E7-4A96-9E46-8CC43D98AA07}.Debug|Any CPU.Build.0 = Debug|Any CPU
		{6DB02C62-F5E7-4A96-9E46-8CC43D98AA07}.Release|Any CPU.ActiveCfg = Release|Any CPU
		{6DB02C62-F5E7-4A96-9E46-8CC43D98AA07}.Release|Any CPU.Build.0 = Release|Any CPU
		{A162E953-E0A9-4065-8E19-07B6650141AF}.Debug|Any CPU.ActiveCfg = Debug|Any CPU
		{A162E953-E0A9-4065-8E19-07B6650141AF}.Debug|Any CPU.Build.0 = Debug|Any CPU
		{A162E953-E0A9-4065-8E19-07B6650141AF}.Release|Any CPU.ActiveCfg = Release|Any CPU
		{A162E953-E0A9-4065-8E19-07B6650141AF}.Release|Any CPU.Build.0 = Release|Any CPU
		{154E6A58-6466-42E2-BC3E-C36914C2210E}.Debug|Any CPU.ActiveCfg = Debug|Any CPU
		{154E6A58-6466-42E2-BC3E-C36914C2210E}.Debug|Any CPU.Build.0 = Debug|Any CPU
		{154E6A58-6466-42E2-BC3E-C36914C2210E}.Release|Any CPU.ActiveCfg = Release|Any CPU
		{154E6A58-6466-42E2-BC3E-C36914C2210E}.Release|Any CPU.Build.0 = Release|Any CPU
	EndGlobalSection
EndGlobal
